
Microsoft Visual Studio Solution File, Format Version 12.00
# Visual Studio Version 16
VisualStudioVersion = 16.0.28809.33
MinimumVisualStudioVersion = 10.0.40219.1
Project("{FAE04EC0-301F-11D3-BF4B-00C04F79EFBC}") = "Mass_Effect", "Mass_Effect\Mass_Effect.csproj", "{43774917-3B7C-43E8-B7F1-37D1398D711C}"
EndProject
Global
	GlobalSection(SolutionConfigurationPlatforms) = preSolution
		Debug|Any CPU = Debug|Any CPU
		Release|Any CPU = Release|Any CPU
	EndGlobalSection
	GlobalSection(ProjectConfigurationPlatforms) = postSolution
		{43774917-3B7C-43E8-B7F1-37D1398D711C}.Debug|Any CPU.ActiveCfg = Debug|Any CPU
		{43774917-3B7C-43E8-B7F1-37D1398D711C}.Debug|Any CPU.Build.0 = Debug|Any CPU
		{43774917-3B7C-43E8-B7F1-37D1398D711C}.Release|Any CPU.ActiveCfg = Release|Any CPU
		{43774917-3B7C-43E8-B7F1-37D1398D711C}.Release|Any CPU.Build.0 = Release|Any CPU
	EndGlobalSection
	GlobalSection(SolutionProperties) = preSolution
		HideSolutionNode = FALSE
	EndGlobalSection
	GlobalSection(ExtensibilityGlobals) = postSolution
		SolutionGuid = {8E8DB032-FDE7-4639-8D04-95BCBF5684BA}
	EndGlobalSection
EndGlobal
